// !$*UTF8*$!
{
	archiveVersion = 1;
	classes = {
	};
	objectVersion = 77;
	objects = {

/* Begin PBXBuildFile section */
		007F1998C49165A5D547CC5D37B68CF9 /* CatFaceView.swift in Sources */ = {isa = PBXBuildFile; fileRef = BFAEDBB66C9D74B42FE638A13FCF0D3E /* CatFaceView.swift */; };
		03CB60E0431B46548FCB5C2ADA59756D /* ConversationViewStateTests.swift in Sources */ = {isa = PBXBuildFile; fileRef = 4A23277BF774A4B4BAA65DEFF1B02A01 /* ConversationViewStateTests.swift */; };
		0A4A41CB623FEFB312392060F2247376 /* XCTest.framework in Frameworks */ = {isa = PBXBuildFile; fileRef = 6764ADD20FF45C0F9B6DCCABD427464B /* XCTest.framework */; };
		0A5D6608FAF054983553416A1D0DEE8A /* AppCompositionTests.swift in Sources */ = {isa = PBXBuildFile; fileRef = AA92DB308B19ACE4F6BCA251CF9FE627 /* AppCompositionTests.swift */; };
		0C310C886B116BE67C0DF46452A0F748 /* ConversationTypes.swift in Sources */ = {isa = PBXBuildFile; fileRef = 12D9D6206EEEBD7F4EFBB440064BFFB3 /* ConversationTypes.swift */; };
		0D6AE292A6109A4A7A494A0A7E4F2FA2 /* FoundationModelReplyService.swift in Sources */ = {isa = PBXBuildFile; fileRef = 92FABB5F741CC0414CBF6625FF0FBCFE /* FoundationModelReplyService.swift */; };
		0FF3FDCCE32A2557632B8DA94F8EB91B /* Foundation.framework in Frameworks */ = {isa = PBXBuildFile; fileRef = 3A76917CDB25130696B25359C7F6FDED /* Foundation.framework */; };
		109F3CDA1EB5934FAE92DB994E473244 /* UtteranceSegmenter.swift in Sources */ = {isa = PBXBuildFile; fileRef = 6E8BE842ED1313383F0BF59F3EAB164F /* UtteranceSegmenter.swift */; };
		121C3F6A868964C8FD1BB258CC9713A3 /* ConversationErrorPresentationTests.swift in Sources */ = {isa = PBXBuildFile; fileRef = F1660228598FB6ECAA102DFBDF8AA72F /* ConversationErrorPresentationTests.swift */; };
		12F2D7181FD51AC05672210333328E40 /* GemmaModelFile.swift in Sources */ = {isa = PBXBuildFile; fileRef = 4E01E0E8E0FFDF8166CBE4A7DE468D48 /* GemmaModelFile.swift */; };
		197FF221A392FD6B572B332B01ACE4C1 /* SpeechAssetPreparerTests.swift in Sources */ = {isa = PBXBuildFile; fileRef = B163B888F1C932156F9DCAEDCEF6EA47 /* SpeechAssetPreparerTests.swift */; };
		1A97BC2857444367CCEAC8942BA7BC8D /* AppleSpeechRecognizer.swift in Sources */ = {isa = PBXBuildFile; fileRef = CC0BB658BCFA7E5DC1DED8EE4A4F4114 /* AppleSpeechRecognizer.swift */; };
		202892371E62F1B1DA28217928E911E9 /* ConversationTypesTests.swift in Sources */ = {isa = PBXBuildFile; fileRef = EAF8FA4EDA3778BA57C6864EAA9AF138 /* ConversationTypesTests.swift */; };
		228A651E3ECCBD2FA3304F693420B40A /* AppleAudioSessionController.swift in Sources */ = {isa = PBXBuildFile; fileRef = 932D82D3BEC935B1E7E15500BF45CD71 /* AppleAudioSessionController.swift */; };
		29A7DFDD2FB403E50A08C535FF72ADC8 /* ConversationView.swift in Sources */ = {isa = PBXBuildFile; fileRef = 10741D83B2C0EF4275B080D0D98FDF24 /* ConversationView.swift */; };
		2C0ADE9CCDD2ABB0662240250CE0F24C /* ConversationScreenWakeLock.swift in Sources */ = {isa = PBXBuildFile; fileRef = 302FB50019AAB58D5572B4878F0457AE /* ConversationScreenWakeLock.swift */; };
		2F8594C8221706C51AF9D862D1B58102 /* AppleServiceCompositionTests.swift in Sources */ = {isa = PBXBuildFile; fileRef = F8F6C8572F629502680041D7ED304C4E /* AppleServiceCompositionTests.swift */; };
		311FFC4808F9435CF59B9429756931E0 /* CatFaceGeometryTests.swift in Sources */ = {isa = PBXBuildFile; fileRef = BCBF749739B424F0B070FF5000D2739D /* CatFaceGeometryTests.swift */; };
		36BACC0F2589BAB1C7C5F2FEEBEB6F17 /* EngagementWindow.swift in Sources */ = {isa = PBXBuildFile; fileRef = 031584369B0426506DA29A83ECE84979 /* EngagementWindow.swift */; };
		374E5CB53980AC34931DA95723F79D09 /* SpeechAssetPreparer.swift in Sources */ = {isa = PBXBuildFile; fileRef = 9EEF10EA3163EF960FF2C059597319E2 /* SpeechAssetPreparer.swift */; };
		38CD403EA57A4A0DA3066D2FE7C69BB8 /* GemmaConversationService.swift in Sources */ = {isa = PBXBuildFile; fileRef = C59FA140202353AAB158A613D1CF0105 /* GemmaConversationService.swift */; };
		3BC4F9636688B6889141467A27032BD8 /* LiteRTLM in Frameworks */ = {isa = PBXBuildFile; productRef = 0BA5F13B180769C899C1F3698374F253 /* LiteRTLM */; };
		3BE1E40E562B0369296D335DFB38F330 /* MicrophonePermissionService.swift in Sources */ = {isa = PBXBuildFile; fileRef = C189055C05E6AE9EB7294F28BEC5751F /* MicrophonePermissionService.swift */; };
		3CCEDE6F3C336155B33861FBCCD7ACF8 /* CatFaceShapes.swift in Sources */ = {isa = PBXBuildFile; fileRef = AF0D8373976D561629FF6AF64C1B728C /* CatFaceShapes.swift */; };
		3EB028C4CC4464D3699283D067A1896A /* SpeechAudioConverter.swift in Sources */ = {isa = PBXBuildFile; fileRef = F278AF762093CD995B228FA3FF9E7C1C /* SpeechAudioConverter.swift */; };
		3F5A0E9DD12EFDD73BC1EB77F1254A8D /* ConversationFakes.swift in Sources */ = {isa = PBXBuildFile; fileRef = DA0DD877C711C3B587BAF85EF32A5EA0 /* ConversationFakes.swift */; };
		424A95D476C82CA81A06ACCA37357CA1 /* ListeningControl.swift in Sources */ = {isa = PBXBuildFile; fileRef = D9B4BE2E518A99793B2BADCAD95FF3A7 /* ListeningControl.swift */; };
		438670747BCF08BF4B7238AF3D0370CD /* TypedInputView.swift in Sources */ = {isa = PBXBuildFile; fileRef = 664D547880F4CA2ABD01CBD27628523A /* TypedInputView.swift */; };
		44A4FA89CC3496B923C73BF78659D03F /* GemmaRuntime.swift in Sources */ = {isa = PBXBuildFile; fileRef = 752C0513FA9EC139741C2196B3C84A21 /* GemmaRuntime.swift */; };
		45C6C28ABFA6C0F9842E7EA03AF25A7C /* Assets.xcassets in Resources */ = {isa = PBXBuildFile; fileRef = 2B160066154B07F0817C94537E46F849 /* Assets.xcassets */; };
		467530CBFB78ADF41D0EFC3DB2AD8921 /* Preview Assets.xcassets in Resources */ = {isa = PBXBuildFile; fileRef = 1458D390BCB2D30400ED775FC927D039 /* Preview Assets.xcassets */; };
		46EBDCB998277CF41B91F3A3AC6E12F9 /* ConversationAppCoordinator.swift in Sources */ = {isa = PBXBuildFile; fileRef = 85A86390AF24A5CC74E5536E6ADD03EB /* ConversationAppCoordinator.swift */; };
		4738BAA2249D3AB2DA829ECDBB1AD8A5 /* AppRootView.swift in Sources */ = {isa = PBXBuildFile; fileRef = 84E30D57D86E2FE96A1B79BC8E18D35A /* AppRootView.swift */; };
		4AEED8853501EE2D1BCB88EBE03E7FD1 /* ConversationAccessibilityTests.swift in Sources */ = {isa = PBXBuildFile; fileRef = 459282A70A88DBFBD8EAB8D72539CDAF /* ConversationAccessibilityTests.swift */; };
		502EC5FC5F1C8F2325C1EDEE46CAB56E /* AddresseePolicyTests.swift in Sources */ = {isa = PBXBuildFile; fileRef = 2A344F2AE14313CB35F0DD545B3D19E7 /* AddresseePolicyTests.swift */; };
		5663B4D1F0CF1CE9710B77D09C8E0A01 /* LiteRTGemmaRuntime.swift in Sources */ = {isa = PBXBuildFile; fileRef = 3AE78A576ECF9E397A61510A87613535 /* LiteRTGemmaRuntime.swift */; };
		570A2C788FF8CE1AC0D4B0100538AF61 /* AppleAudioSessionControllerTests.swift in Sources */ = {isa = PBXBuildFile; fileRef = 8015CB9892971405B0B40D3A3DFF6D2B /* AppleAudioSessionControllerTests.swift */; };
		58860E687FC02EDB989AC148C3222991 /* ConversationLatency.swift in Sources */ = {isa = PBXBuildFile; fileRef = 20C4E44D78B1C905AC7C2A496406D282 /* ConversationLatency.swift */; };
		5D35761EEB7439D1453922525F7585CC /* SpeechAudioConverterTests.swift in Sources */ = {isa = PBXBuildFile; fileRef = BB1008D06D390B0570EA984DDC65CC2F /* SpeechAudioConverterTests.swift */; };
		5F45AF29E589C7D7611FA90F0147FEAE /* OnboardingView.swift in Sources */ = {isa = PBXBuildFile; fileRef = CA33B79201547E4AC3CC514E57B6A300 /* OnboardingView.swift */; };
		6A9F08B84E4AC631EDED893948E9942B /* FoundationModelAvailabilityServiceTests.swift in Sources */ = {isa = PBXBuildFile; fileRef = B51CF04941EDC378360C286CE4EA8A21 /* FoundationModelAvailabilityServiceTests.swift */; };
		729E5E6B7790460F6D20D08B1449A664 /* FoundationModelErrorMapperTests.swift in Sources */ = {isa = PBXBuildFile; fileRef = DEE446F05A848D371873B51D97C955CC /* FoundationModelErrorMapperTests.swift */; };
		761AB3F5DB441A9682946449EF57F69E /* ConversationViewModel.swift in Sources */ = {isa = PBXBuildFile; fileRef = 90C4829A2A7F6FA630BE4D3B6292EB60 /* ConversationViewModel.swift */; };
		7B58CB3A0515A067D5D5298F60876949 /* ConversationDependencies.swift in Sources */ = {isa = PBXBuildFile; fileRef = 94EF067F33B89647DF87A181F0C54BC5 /* ConversationDependencies.swift */; };
		83CD0A970198C9CDAC0EA45073F404E8 /* AppIdentity.swift in Sources */ = {isa = PBXBuildFile; fileRef = 9B296284EBAE1274567E1D8BF9E42AB2 /* AppIdentity.swift */; };
		85E036F32A0CA2739082A3D3FB94BC11 /* GemmaConversationServiceTests.swift in Sources */ = {isa = PBXBuildFile; fileRef = C5A28453D57E34493F26A9FC2FC3B857 /* GemmaConversationServiceTests.swift */; };
		8818D611B8745CFE2D77EAC61A8BB991 /* AppleSpeechSynthesizerTests.swift in Sources */ = {isa = PBXBuildFile; fileRef = 1F5B9DEC585A88BE25922BA0F701BDAB /* AppleSpeechSynthesizerTests.swift */; };
		89457F9F81480E47C6F6294627D6BE7B /* FoundationModelReplyServiceTests.swift in Sources */ = {isa = PBXBuildFile; fileRef = 451E74DC54EFC04222EE0CFB2EB48B48 /* FoundationModelReplyServiceTests.swift */; };
		8B5474F65E448B8C38F619070C037866 /* ConversationRecoveryTests.swift in Sources */ = {isa = PBXBuildFile; fileRef = FBB57B9F0164793D7A64D1A2058A3F10 /* ConversationRecoveryTests.swift */; };
		924FA6F0DFBB2284EE7C04D8E7A2ED30 /* GemmaAppDeviceTests.swift in Sources */ = {isa = PBXBuildFile; fileRef = 354B12949C74CB5E83EFB2DC931BF305 /* GemmaAppDeviceTests.swift */; };
		925B210540E2023BD4E1CCCA3ADEE1BE /* ConversationViewModelTests.swift in Sources */ = {isa = PBXBuildFile; fileRef = 6A298272897455C026CB3DAE9436A7A9 /* ConversationViewModelTests.swift */; };
		97808CBFF5A547C1AAA8FDE08843A549 /* FoundationModelErrorMapper.swift in Sources */ = {isa = PBXBuildFile; fileRef = DB997E7023112C470AA6CC105C3D2216 /* FoundationModelErrorMapper.swift */; };
		980D59682991166E512EAE7C4B6B991F /* ConversationErrorPresentation.swift in Sources */ = {isa = PBXBuildFile; fileRef = 7622EC2A08CAEB165CD50009C0AC7A43 /* ConversationErrorPresentation.swift */; };
		9E12CA7DF1659985A93D205EBDB9A6CD /* AppIdentityTests.swift in Sources */ = {isa = PBXBuildFile; fileRef = 50D7F4108F16E91CF1AE14EC60798011 /* AppIdentityTests.swift */; };
		A6752928DEE8A6D07E79B59FCFAC4067 /* UtteranceSegmenterTests.swift in Sources */ = {isa = PBXBuildFile; fileRef = 63D4AFE05061CEFD7453E5CE61F41420 /* UtteranceSegmenterTests.swift */; };
		A6C7BDDFBF081054A4DFE585F3E90889 /* ConversationLatencyTests.swift in Sources */ = {isa = PBXBuildFile; fileRef = 316088256B029C1DADE5C314103FB7C1 /* ConversationLatencyTests.swift */; };
		AC298210D511C51E30835C137539EAB5 /* AddresseePolicy.swift in Sources */ = {isa = PBXBuildFile; fileRef = 165E563C90FC2A502ED79ACB94B0E300 /* AddresseePolicy.swift */; };
		ADC7EEC979B041B23D7971D2ADEAB248 /* Foundation.framework in Frameworks */ = {isa = PBXBuildFile; fileRef = 3A76917CDB25130696B25359C7F6FDED /* Foundation.framework */; };
		BCEA98C96D1B5760A20E4CE45C139F82 /* FoundationModelAddressClassifierTests.swift in Sources */ = {isa = PBXBuildFile; fileRef = C2475E3B72640C7D6A966FAF821AD06F /* FoundationModelAddressClassifierTests.swift */; };
		BE048DEFDAC89D251DE3D071BA9DC769 /* AppleSpeechSynthesizer.swift in Sources */ = {isa = PBXBuildFile; fileRef = AA676B734BA5AA04B26468CDED87E601 /* AppleSpeechSynthesizer.swift */; };
		CCA8D0E485B6B5CBA953BCB226F541CF /* ConversationViewState.swift in Sources */ = {isa = PBXBuildFile; fileRef = 863D6367A00DB40F323F13C7A77AADD9 /* ConversationViewState.swift */; };
		D4C2292155338D08CCE8329CFE3C120F /* CatRobotApp.swift in Sources */ = {isa = PBXBuildFile; fileRef = 032CA398BEF0D51EECFE276F6BA5DAE4 /* CatRobotApp.swift */; };
		DA28371902A46A94E733F55CC911A941 /* LiteRTLM in Frameworks */ = {isa = PBXBuildFile; productRef = A898DE45078AA96514A75FDE54B6D064 /* LiteRTLM */; };
		E414C11AE8638150ECBE588665D3FC48 /* FoundationModelAvailabilityService.swift in Sources */ = {isa = PBXBuildFile; fileRef = 56657D26EF0E86C8984934831A56908E /* FoundationModelAvailabilityService.swift */; };
		E9DEBD0AEF2836E4D1A55BE837E8AC95 /* GemmaDeviceTests.swift in Sources */ = {isa = PBXBuildFile; fileRef = 800449B9E5EEC00F503491BF9ED03E0E /* GemmaDeviceTests.swift */; };
		F0EA820DEF7ACF72C5C22E024484166B /* AppleSpeechRecognizerTests.swift in Sources */ = {isa = PBXBuildFile; fileRef = 3FA356DAAAD6FE3697C96B493A327EBA /* AppleSpeechRecognizerTests.swift */; };
		F42EC0E6073FCA1DC3BAAA55358AFA71 /* ConversationServices.swift in Sources */ = {isa = PBXBuildFile; fileRef = B84CD93277F25AAA5C13E2868A1B8193 /* ConversationServices.swift */; };
		F9D3C3B49F4509071947CF312075823D /* FoundationModelAddressClassifier.swift in Sources */ = {isa = PBXBuildFile; fileRef = C79C542383F8EDAD1D6D7DE508798996 /* FoundationModelAddressClassifier.swift */; };
/* End PBXBuildFile section */

/* Begin PBXContainerItemProxy section */
		5CB17B58DD26C17C67F8BF607AB8DACC /* PBXContainerItemProxy */ = {
			isa = PBXContainerItemProxy;
			containerPortal = 922930F48E5A60EA5C47ED19BC6215D9 /* Project object */;
			proxyType = 1;
			remoteGlobalIDString = F5E92051F3AC06A0C11642F09BA9E4C2;
			remoteInfo = CatRobot;
		};
/* End PBXContainerItemProxy section */

/* Begin PBXFileReference section */
		00E893503505039E33B021D56CC63273 /* CatRobot.app */ = {isa = PBXFileReference; explicitFileType = wrapper.application; includeInIndex = 0; path = CatRobot.app; sourceTree = BUILT_PRODUCTS_DIR; };
		031584369B0426506DA29A83ECE84979 /* EngagementWindow.swift */ = {isa = PBXFileReference; includeInIndex = 1; lastKnownFileType = sourcecode.swift; name = EngagementWindow.swift; path = Conversation/Domain/EngagementWindow.swift; sourceTree = "<group>"; };
		032CA398BEF0D51EECFE276F6BA5DAE4 /* CatRobotApp.swift */ = {isa = PBXFileReference; includeInIndex = 1; lastKnownFileType = sourcecode.swift; name = CatRobotApp.swift; path = App/CatRobotApp.swift; sourceTree = "<group>"; };
		10741D83B2C0EF4275B080D0D98FDF24 /* ConversationView.swift */ = {isa = PBXFileReference; includeInIndex = 1; lastKnownFileType = sourcecode.swift; name = ConversationView.swift; path = Conversation/UI/ConversationView.swift; sourceTree = "<group>"; };
		12D9D6206EEEBD7F4EFBB440064BFFB3 /* ConversationTypes.swift */ = {isa = PBXFileReference; includeInIndex = 1; lastKnownFileType = sourcecode.swift; name = ConversationTypes.swift; path = Conversation/Domain/ConversationTypes.swift; sourceTree = "<group>"; };
		1458D390BCB2D30400ED775FC927D039 /* Preview Assets.xcassets */ = {isa = PBXFileReference; includeInIndex = 1; lastKnownFileType = folder.assetcatalog; path = "Preview Assets.xcassets"; sourceTree = "<group>"; };
		165E563C90FC2A502ED79ACB94B0E300 /* AddresseePolicy.swift */ = {isa = PBXFileReference; includeInIndex = 1; lastKnownFileType = sourcecode.swift; name = AddresseePolicy.swift; path = Conversation/Domain/AddresseePolicy.swift; sourceTree = "<group>"; };
		1F5B9DEC585A88BE25922BA0F701BDAB /* AppleSpeechSynthesizerTests.swift */ = {isa = PBXFileReference; includeInIndex = 1; lastKnownFileType = sourcecode.swift; name = AppleSpeechSynthesizerTests.swift; path = Conversation/Services/AppleSpeechSynthesizerTests.swift; sourceTree = "<group>"; };
		20C4E44D78B1C905AC7C2A496406D282 /* ConversationLatency.swift */ = {isa = PBXFileReference; includeInIndex = 1; lastKnownFileType = sourcecode.swift; name = ConversationLatency.swift; path = Conversation/Integration/ConversationLatency.swift; sourceTree = "<group>"; };
		2A344F2AE14313CB35F0DD545B3D19E7 /* AddresseePolicyTests.swift */ = {isa = PBXFileReference; includeInIndex = 1; lastKnownFileType = sourcecode.swift; name = AddresseePolicyTests.swift; path = Conversation/Domain/AddresseePolicyTests.swift; sourceTree = "<group>"; };
		2B160066154B07F0817C94537E46F849 /* Assets.xcassets */ = {isa = PBXFileReference; includeInIndex = 1; lastKnownFileType = folder.assetcatalog; path = Assets.xcassets; sourceTree = "<group>"; };
		302FB50019AAB58D5572B4878F0457AE /* ConversationScreenWakeLock.swift */ = {isa = PBXFileReference; includeInIndex = 1; lastKnownFileType = sourcecode.swift; name = ConversationScreenWakeLock.swift; path = Conversation/Integration/ConversationScreenWakeLock.swift; sourceTree = "<group>"; };
		316088256B029C1DADE5C314103FB7C1 /* ConversationLatencyTests.swift */ = {isa = PBXFileReference; includeInIndex = 1; lastKnownFileType = sourcecode.swift; name = ConversationLatencyTests.swift; path = Conversation/Integration/ConversationLatencyTests.swift; sourceTree = "<group>"; };
		354B12949C74CB5E83EFB2DC931BF305 /* GemmaAppDeviceTests.swift */ = {isa = PBXFileReference; includeInIndex = 1; lastKnownFileType = sourcecode.swift; name = GemmaAppDeviceTests.swift; path = Device/GemmaAppDeviceTests.swift; sourceTree = "<group>"; };
		3A76917CDB25130696B25359C7F6FDED /* Foundation.framework */ = {isa = PBXFileReference; lastKnownFileType = wrapper.framework; name = Foundation.framework; path = Platforms/iPhoneOS.platform/Developer/SDKs/iPhoneOS18.0.sdk/System/Library/Frameworks/Foundation.framework; sourceTree = DEVELOPER_DIR; };
		3AE78A576ECF9E397A61510A87613535 /* LiteRTGemmaRuntime.swift */ = {isa = PBXFileReference; includeInIndex = 1; lastKnownFileType = sourcecode.swift; name = LiteRTGemmaRuntime.swift; path = Conversation/Services/Gemma/LiteRTGemmaRuntime.swift; sourceTree = "<group>"; };
		3FA356DAAAD6FE3697C96B493A327EBA /* AppleSpeechRecognizerTests.swift */ = {isa = PBXFileReference; includeInIndex = 1; lastKnownFileType = sourcecode.swift; name = AppleSpeechRecognizerTests.swift; path = Conversation/Services/AppleSpeechRecognizerTests.swift; sourceTree = "<group>"; };
		451E74DC54EFC04222EE0CFB2EB48B48 /* FoundationModelReplyServiceTests.swift */ = {isa = PBXFileReference; includeInIndex = 1; lastKnownFileType = sourcecode.swift; name = FoundationModelReplyServiceTests.swift; path = Conversation/Services/FoundationModelReplyServiceTests.swift; sourceTree = "<group>"; };
		459282A70A88DBFBD8EAB8D72539CDAF /* ConversationAccessibilityTests.swift */ = {isa = PBXFileReference; includeInIndex = 1; lastKnownFileType = sourcecode.swift; name = ConversationAccessibilityTests.swift; path = Conversation/UI/ConversationAccessibilityTests.swift; sourceTree = "<group>"; };
		4A23277BF774A4B4BAA65DEFF1B02A01 /* ConversationViewStateTests.swift */ = {isa = PBXFileReference; includeInIndex = 1; lastKnownFileType = sourcecode.swift; name = ConversationViewStateTests.swift; path = Conversation/UI/ConversationViewStateTests.swift; sourceTree = "<group>"; };
		4E01E0E8E0FFDF8166CBE4A7DE468D48 /* GemmaModelFile.swift */ = {isa = PBXFileReference; includeInIndex = 1; lastKnownFileType = sourcecode.swift; name = GemmaModelFile.swift; path = Conversation/Services/Gemma/GemmaModelFile.swift; sourceTree = "<group>"; };
		50D7F4108F16E91CF1AE14EC60798011 /* AppIdentityTests.swift */ = {isa = PBXFileReference; includeInIndex = 1; lastKnownFileType = sourcecode.swift; name = AppIdentityTests.swift; path = App/AppIdentityTests.swift; sourceTree = "<group>"; };
		56657D26EF0E86C8984934831A56908E /* FoundationModelAvailabilityService.swift */ = {isa = PBXFileReference; includeInIndex = 1; lastKnownFileType = sourcecode.swift; name = FoundationModelAvailabilityService.swift; path = Conversation/Services/FoundationModelAvailabilityService.swift; sourceTree = "<group>"; };
		63D4AFE05061CEFD7453E5CE61F41420 /* UtteranceSegmenterTests.swift */ = {isa = PBXFileReference; includeInIndex = 1; lastKnownFileType = sourcecode.swift; name = UtteranceSegmenterTests.swift; path = Conversation/Domain/UtteranceSegmenterTests.swift; sourceTree = "<group>"; };
		664D547880F4CA2ABD01CBD27628523A /* TypedInputView.swift */ = {isa = PBXFileReference; includeInIndex = 1; lastKnownFileType = sourcecode.swift; name = TypedInputView.swift; path = Conversation/UI/TypedInputView.swift; sourceTree = "<group>"; };
		6764ADD20FF45C0F9B6DCCABD427464B /* XCTest.framework */ = {isa = PBXFileReference; lastKnownFileType = wrapper.framework; name = XCTest.framework; path = Platforms/iPhoneOS.platform/Developer/SDKs/iPhoneOS18.0.sdk/System/Library/Frameworks/XCTest.framework; sourceTree = DEVELOPER_DIR; };
		6A298272897455C026CB3DAE9436A7A9 /* ConversationViewModelTests.swift */ = {isa = PBXFileReference; includeInIndex = 1; lastKnownFileType = sourcecode.swift; name = ConversationViewModelTests.swift; path = Conversation/Integration/ConversationViewModelTests.swift; sourceTree = "<group>"; };
		6E8BE842ED1313383F0BF59F3EAB164F /* UtteranceSegmenter.swift */ = {isa = PBXFileReference; includeInIndex = 1; lastKnownFileType = sourcecode.swift; name = UtteranceSegmenter.swift; path = Conversation/Domain/UtteranceSegmenter.swift; sourceTree = "<group>"; };
		752C0513FA9EC139741C2196B3C84A21 /* GemmaRuntime.swift */ = {isa = PBXFileReference; includeInIndex = 1; lastKnownFileType = sourcecode.swift; name = GemmaRuntime.swift; path = Conversation/Services/Gemma/GemmaRuntime.swift; sourceTree = "<group>"; };
		7622EC2A08CAEB165CD50009C0AC7A43 /* ConversationErrorPresentation.swift */ = {isa = PBXFileReference; includeInIndex = 1; lastKnownFileType = sourcecode.swift; name = ConversationErrorPresentation.swift; path = Conversation/Integration/ConversationErrorPresentation.swift; sourceTree = "<group>"; };
		800449B9E5EEC00F503491BF9ED03E0E /* GemmaDeviceTests.swift */ = {isa = PBXFileReference; includeInIndex = 1; lastKnownFileType = sourcecode.swift; name = GemmaDeviceTests.swift; path = Device/GemmaDeviceTests.swift; sourceTree = "<group>"; };
		8015CB9892971405B0B40D3A3DFF6D2B /* AppleAudioSessionControllerTests.swift */ = {isa = PBXFileReference; includeInIndex = 1; lastKnownFileType = sourcecode.swift; name = AppleAudioSessionControllerTests.swift; path = Conversation/Services/AppleAudioSessionControllerTests.swift; sourceTree = "<group>"; };
		84E30D57D86E2FE96A1B79BC8E18D35A /* AppRootView.swift */ = {isa = PBXFileReference; includeInIndex = 1; lastKnownFileType = sourcecode.swift; name = AppRootView.swift; path = App/AppRootView.swift; sourceTree = "<group>"; };
		85A86390AF24A5CC74E5536E6ADD03EB /* ConversationAppCoordinator.swift */ = {isa = PBXFileReference; includeInIndex = 1; lastKnownFileType = sourcecode.swift; name = ConversationAppCoordinator.swift; path = App/ConversationAppCoordinator.swift; sourceTree = "<group>"; };
		863D6367A00DB40F323F13C7A77AADD9 /* ConversationViewState.swift */ = {isa = PBXFileReference; includeInIndex = 1; lastKnownFileType = sourcecode.swift; name = ConversationViewState.swift; path = Conversation/UI/ConversationViewState.swift; sourceTree = "<group>"; };
		90C4829A2A7F6FA630BE4D3B6292EB60 /* ConversationViewModel.swift */ = {isa = PBXFileReference; includeInIndex = 1; lastKnownFileType = sourcecode.swift; name = ConversationViewModel.swift; path = Conversation/Integration/ConversationViewModel.swift; sourceTree = "<group>"; };
		92FABB5F741CC0414CBF6625FF0FBCFE /* FoundationModelReplyService.swift */ = {isa = PBXFileReference; includeInIndex = 1; lastKnownFileType = sourcecode.swift; name = FoundationModelReplyService.swift; path = Conversation/Services/FoundationModelReplyService.swift; sourceTree = "<group>"; };
		932D82D3BEC935B1E7E15500BF45CD71 /* AppleAudioSessionController.swift */ = {isa = PBXFileReference; includeInIndex = 1; lastKnownFileType = sourcecode.swift; name = AppleAudioSessionController.swift; path = Conversation/Services/AppleAudioSessionController.swift; sourceTree = "<group>"; };
		94EF067F33B89647DF87A181F0C54BC5 /* ConversationDependencies.swift */ = {isa = PBXFileReference; includeInIndex = 1; lastKnownFileType = sourcecode.swift; name = ConversationDependencies.swift; path = Conversation/Integration/ConversationDependencies.swift; sourceTree = "<group>"; };
		966A5722C788941810C45634F3F5433E /* CatRobotTests.xctest */ = {isa = PBXFileReference; explicitFileType = wrapper.cfbundle; includeInIndex = 0; path = CatRobotTests.xctest; sourceTree = BUILT_PRODUCTS_DIR; };
		9B296284EBAE1274567E1D8BF9E42AB2 /* AppIdentity.swift */ = {isa = PBXFileReference; includeInIndex = 1; lastKnownFileType = sourcecode.swift; name = AppIdentity.swift; path = App/AppIdentity.swift; sourceTree = "<group>"; };
		9E51254B367A5253F13C6C3517E63460 /* Info.plist */ = {isa = PBXFileReference; includeInIndex = 1; lastKnownFileType = text.plist.xml; path = Info.plist; sourceTree = "<group>"; };
		9EEF10EA3163EF960FF2C059597319E2 /* SpeechAssetPreparer.swift */ = {isa = PBXFileReference; includeInIndex = 1; lastKnownFileType = sourcecode.swift; name = SpeechAssetPreparer.swift; path = Conversation/Services/SpeechAssetPreparer.swift; sourceTree = "<group>"; };
		AA676B734BA5AA04B26468CDED87E601 /* AppleSpeechSynthesizer.swift */ = {isa = PBXFileReference; includeInIndex = 1; lastKnownFileType = sourcecode.swift; name = AppleSpeechSynthesizer.swift; path = Conversation/Services/AppleSpeechSynthesizer.swift; sourceTree = "<group>"; };
		AA92DB308B19ACE4F6BCA251CF9FE627 /* AppCompositionTests.swift */ = {isa = PBXFileReference; includeInIndex = 1; lastKnownFileType = sourcecode.swift; name = AppCompositionTests.swift; path = Conversation/Integration/AppCompositionTests.swift; sourceTree = "<group>"; };
		AF0D8373976D561629FF6AF64C1B728C /* CatFaceShapes.swift */ = {isa = PBXFileReference; includeInIndex = 1; lastKnownFileType = sourcecode.swift; name = CatFaceShapes.swift; path = Conversation/UI/CatFaceShapes.swift; sourceTree = "<group>"; };
		B163B888F1C932156F9DCAEDCEF6EA47 /* SpeechAssetPreparerTests.swift */ = {isa = PBXFileReference; includeInIndex = 1; lastKnownFileType = sourcecode.swift; name = SpeechAssetPreparerTests.swift; path = Conversation/Services/SpeechAssetPreparerTests.swift; sourceTree = "<group>"; };
		B51CF04941EDC378360C286CE4EA8A21 /* FoundationModelAvailabilityServiceTests.swift */ = {isa = PBXFileReference; includeInIndex = 1; lastKnownFileType = sourcecode.swift; name = FoundationModelAvailabilityServiceTests.swift; path = Conversation/Services/FoundationModelAvailabilityServiceTests.swift; sourceTree = "<group>"; };
		B84CD93277F25AAA5C13E2868A1B8193 /* ConversationServices.swift */ = {isa = PBXFileReference; includeInIndex = 1; lastKnownFileType = sourcecode.swift; name = ConversationServices.swift; path = Conversation/Domain/ConversationServices.swift; sourceTree = "<group>"; };
		BB1008D06D390B0570EA984DDC65CC2F /* SpeechAudioConverterTests.swift */ = {isa = PBXFileReference; includeInIndex = 1; lastKnownFileType = sourcecode.swift; name = SpeechAudioConverterTests.swift; path = Conversation/Services/SpeechAudioConverterTests.swift; sourceTree = "<group>"; };
		BCBF749739B424F0B070FF5000D2739D /* CatFaceGeometryTests.swift */ = {isa = PBXFileReference; includeInIndex = 1; lastKnownFileType = sourcecode.swift; name = CatFaceGeometryTests.swift; path = Conversation/UI/CatFaceGeometryTests.swift; sourceTree = "<group>"; };
		BFAEDBB66C9D74B42FE638A13FCF0D3E /* CatFaceView.swift */ = {isa = PBXFileReference; includeInIndex = 1; lastKnownFileType = sourcecode.swift; name = CatFaceView.swift; path = Conversation/UI/CatFaceView.swift; sourceTree = "<group>"; };
		C189055C05E6AE9EB7294F28BEC5751F /* MicrophonePermissionService.swift */ = {isa = PBXFileReference; includeInIndex = 1; lastKnownFileType = sourcecode.swift; name = MicrophonePermissionService.swift; path = Conversation/Integration/MicrophonePermissionService.swift; sourceTree = "<group>"; };
		C2475E3B72640C7D6A966FAF821AD06F /* FoundationModelAddressClassifierTests.swift */ = {isa = PBXFileReference; includeInIndex = 1; lastKnownFileType = sourcecode.swift; name = FoundationModelAddressClassifierTests.swift; path = Conversation/Services/FoundationModelAddressClassifierTests.swift; sourceTree = "<group>"; };
		C59FA140202353AAB158A613D1CF0105 /* GemmaConversationService.swift */ = {isa = PBXFileReference; includeInIndex = 1; lastKnownFileType = sourcecode.swift; name = GemmaConversationService.swift; path = Conversation/Services/Gemma/GemmaConversationService.swift; sourceTree = "<group>"; };
		C5A28453D57E34493F26A9FC2FC3B857 /* GemmaConversationServiceTests.swift */ = {isa = PBXFileReference; includeInIndex = 1; lastKnownFileType = sourcecode.swift; name = GemmaConversationServiceTests.swift; path = Conversation/Services/GemmaConversationServiceTests.swift; sourceTree = "<group>"; };
		C79C542383F8EDAD1D6D7DE508798996 /* FoundationModelAddressClassifier.swift */ = {isa = PBXFileReference; includeInIndex = 1; lastKnownFileType = sourcecode.swift; name = FoundationModelAddressClassifier.swift; path = Conversation/Services/FoundationModelAddressClassifier.swift; sourceTree = "<group>"; };
		CA33B79201547E4AC3CC514E57B6A300 /* OnboardingView.swift */ = {isa = PBXFileReference; includeInIndex = 1; lastKnownFileType = sourcecode.swift; name = OnboardingView.swift; path = Conversation/UI/OnboardingView.swift; sourceTree = "<group>"; };
		CC0BB658BCFA7E5DC1DED8EE4A4F4114 /* AppleSpeechRecognizer.swift */ = {isa = PBXFileReference; includeInIndex = 1; lastKnownFileType = sourcecode.swift; name = AppleSpeechRecognizer.swift; path = Conversation/Services/AppleSpeechRecognizer.swift; sourceTree = "<group>"; };
		D9B4BE2E518A99793B2BADCAD95FF3A7 /* ListeningControl.swift */ = {isa = PBXFileReference; includeInIndex = 1; lastKnownFileType = sourcecode.swift; name = ListeningControl.swift; path = Conversation/UI/ListeningControl.swift; sourceTree = "<group>"; };
		DA0DD877C711C3B587BAF85EF32A5EA0 /* ConversationFakes.swift */ = {isa = PBXFileReference; includeInIndex = 1; lastKnownFileType = sourcecode.swift; name = ConversationFakes.swift; path = Conversation/Integration/ConversationFakes.swift; sourceTree = "<group>"; };
		DB997E7023112C470AA6CC105C3D2216 /* FoundationModelErrorMapper.swift */ = {isa = PBXFileReference; includeInIndex = 1; lastKnownFileType = sourcecode.swift; name = FoundationModelErrorMapper.swift; path = Conversation/Services/FoundationModelErrorMapper.swift; sourceTree = "<group>"; };
		DEE446F05A848D371873B51D97C955CC /* FoundationModelErrorMapperTests.swift */ = {isa = PBXFileReference; includeInIndex = 1; lastKnownFileType = sourcecode.swift; name = FoundationModelErrorMapperTests.swift; path = Conversation/Services/FoundationModelErrorMapperTests.swift; sourceTree = "<group>"; };
		EAF8FA4EDA3778BA57C6864EAA9AF138 /* ConversationTypesTests.swift */ = {isa = PBXFileReference; includeInIndex = 1; lastKnownFileType = sourcecode.swift; name = ConversationTypesTests.swift; path = Conversation/Domain/ConversationTypesTests.swift; sourceTree = "<group>"; };
		F1660228598FB6ECAA102DFBDF8AA72F /* ConversationErrorPresentationTests.swift */ = {isa = PBXFileReference; includeInIndex = 1; lastKnownFileType = sourcecode.swift; name = ConversationErrorPresentationTests.swift; path = Conversation/Integration/ConversationErrorPresentationTests.swift; sourceTree = "<group>"; };
		F278AF762093CD995B228FA3FF9E7C1C /* SpeechAudioConverter.swift */ = {isa = PBXFileReference; includeInIndex = 1; lastKnownFileType = sourcecode.swift; name = SpeechAudioConverter.swift; path = Conversation/Services/SpeechAudioConverter.swift; sourceTree = "<group>"; };
		F8F6C8572F629502680041D7ED304C4E /* AppleServiceCompositionTests.swift */ = {isa = PBXFileReference; includeInIndex = 1; lastKnownFileType = sourcecode.swift; name = AppleServiceCompositionTests.swift; path = Conversation/Services/AppleServiceCompositionTests.swift; sourceTree = "<group>"; };
		FBB57B9F0164793D7A64D1A2058A3F10 /* ConversationRecoveryTests.swift */ = {isa = PBXFileReference; includeInIndex = 1; lastKnownFileType = sourcecode.swift; name = ConversationRecoveryTests.swift; path = Conversation/Integration/ConversationRecoveryTests.swift; sourceTree = "<group>"; };
/* End PBXFileReference section */

/* Begin PBXFrameworksBuildPhase section */
		CAFDD673DE2F303AAD91EFECA75E90CC /* Frameworks */ = {
			isa = PBXFrameworksBuildPhase;
			buildActionMask = 2147483647;
			files = (
				ADC7EEC979B041B23D7971D2ADEAB248 /* Foundation.framework in Frameworks */,
				DA28371902A46A94E733F55CC911A941 /* LiteRTLM in Frameworks */,
			);
			runOnlyForDeploymentPostprocessing = 0;
		};
		F5A20574A7AF1AF00AA7FAF612F50AC8 /* Frameworks */ = {
			isa = PBXFrameworksBuildPhase;
			buildActionMask = 2147483647;
			files = (
				0FF3FDCCE32A2557632B8DA94F8EB91B /* Foundation.framework in Frameworks */,
				3BC4F9636688B6889141467A27032BD8 /* LiteRTLM in Frameworks */,
				0A4A41CB623FEFB312392060F2247376 /* XCTest.framework in Frameworks */,
			);
			runOnlyForDeploymentPostprocessing = 0;
		};
/* End PBXFrameworksBuildPhase section */

/* Begin PBXGroup section */
		387B61900516476F295947526F7D49E4 /* CatRobotTests */ = {
			isa = PBXGroup;
			children = (
				2A344F2AE14313CB35F0DD545B3D19E7 /* AddresseePolicyTests.swift */,
				AA92DB308B19ACE4F6BCA251CF9FE627 /* AppCompositionTests.swift */,
				50D7F4108F16E91CF1AE14EC60798011 /* AppIdentityTests.swift */,
				8015CB9892971405B0B40D3A3DFF6D2B /* AppleAudioSessionControllerTests.swift */,
				F8F6C8572F629502680041D7ED304C4E /* AppleServiceCompositionTests.swift */,
				3FA356DAAAD6FE3697C96B493A327EBA /* AppleSpeechRecognizerTests.swift */,
				1F5B9DEC585A88BE25922BA0F701BDAB /* AppleSpeechSynthesizerTests.swift */,
				BCBF749739B424F0B070FF5000D2739D /* CatFaceGeometryTests.swift */,
				459282A70A88DBFBD8EAB8D72539CDAF /* ConversationAccessibilityTests.swift */,
				F1660228598FB6ECAA102DFBDF8AA72F /* ConversationErrorPresentationTests.swift */,
				DA0DD877C711C3B587BAF85EF32A5EA0 /* ConversationFakes.swift */,
				316088256B029C1DADE5C314103FB7C1 /* ConversationLatencyTests.swift */,
				FBB57B9F0164793D7A64D1A2058A3F10 /* ConversationRecoveryTests.swift */,
				EAF8FA4EDA3778BA57C6864EAA9AF138 /* ConversationTypesTests.swift */,
				6A298272897455C026CB3DAE9436A7A9 /* ConversationViewModelTests.swift */,
				4A23277BF774A4B4BAA65DEFF1B02A01 /* ConversationViewStateTests.swift */,
				C2475E3B72640C7D6A966FAF821AD06F /* FoundationModelAddressClassifierTests.swift */,
				B51CF04941EDC378360C286CE4EA8A21 /* FoundationModelAvailabilityServiceTests.swift */,
				DEE446F05A848D371873B51D97C955CC /* FoundationModelErrorMapperTests.swift */,
				451E74DC54EFC04222EE0CFB2EB48B48 /* FoundationModelReplyServiceTests.swift */,
				354B12949C74CB5E83EFB2DC931BF305 /* GemmaAppDeviceTests.swift */,
				C5A28453D57E34493F26A9FC2FC3B857 /* GemmaConversationServiceTests.swift */,
				800449B9E5EEC00F503491BF9ED03E0E /* GemmaDeviceTests.swift */,
				B163B888F1C932156F9DCAEDCEF6EA47 /* SpeechAssetPreparerTests.swift */,
				BB1008D06D390B0570EA984DDC65CC2F /* SpeechAudioConverterTests.swift */,
				63D4AFE05061CEFD7453E5CE61F41420 /* UtteranceSegmenterTests.swift */,
			);
			name = CatRobotTests;
			path = CatRobotTests;
			sourceTree = "<group>";
		};
		5E8F1254ED868DC15370794AEFC07F56 /* Resources */ = {
			isa = PBXGroup;
			children = (
				2B160066154B07F0817C94537E46F849 /* Assets.xcassets */,
				9E51254B367A5253F13C6C3517E63460 /* Info.plist */,
			);
			name = Resources;
			path = Resources;
			sourceTree = "<group>";
		};
		6AC803F7FAAC551442DDFC40A85EA735 /* iOS */ = {
			isa = PBXGroup;
			children = (
				3A76917CDB25130696B25359C7F6FDED /* Foundation.framework */,
				6764ADD20FF45C0F9B6DCCABD427464B /* XCTest.framework */,
			);
			name = iOS;
			sourceTree = "<group>";
		};
		9016E68F899DC38A41C5434B364D877B /* Products */ = {
			isa = PBXGroup;
			children = (
				00E893503505039E33B021D56CC63273 /* CatRobot.app */,
				966A5722C788941810C45634F3F5433E /* CatRobotTests.xctest */,
			);
			name = Products;
			sourceTree = "<group>";
		};
		90CD7350326BC89B9ACEF8D7232ADEAD /* CatRobot */ = {
			isa = PBXGroup;
			children = (
				165E563C90FC2A502ED79ACB94B0E300 /* AddresseePolicy.swift */,
				9B296284EBAE1274567E1D8BF9E42AB2 /* AppIdentity.swift */,
				932D82D3BEC935B1E7E15500BF45CD71 /* AppleAudioSessionController.swift */,
				CC0BB658BCFA7E5DC1DED8EE4A4F4114 /* AppleSpeechRecognizer.swift */,
				AA676B734BA5AA04B26468CDED87E601 /* AppleSpeechSynthesizer.swift */,
				84E30D57D86E2FE96A1B79BC8E18D35A /* AppRootView.swift */,
				AF0D8373976D561629FF6AF64C1B728C /* CatFaceShapes.swift */,
				BFAEDBB66C9D74B42FE638A13FCF0D3E /* CatFaceView.swift */,
				032CA398BEF0D51EECFE276F6BA5DAE4 /* CatRobotApp.swift */,
				85A86390AF24A5CC74E5536E6ADD03EB /* ConversationAppCoordinator.swift */,
				94EF067F33B89647DF87A181F0C54BC5 /* ConversationDependencies.swift */,
				7622EC2A08CAEB165CD50009C0AC7A43 /* ConversationErrorPresentation.swift */,
				20C4E44D78B1C905AC7C2A496406D282 /* ConversationLatency.swift */,
				302FB50019AAB58D5572B4878F0457AE /* ConversationScreenWakeLock.swift */,
				B84CD93277F25AAA5C13E2868A1B8193 /* ConversationServices.swift */,
				12D9D6206EEEBD7F4EFBB440064BFFB3 /* ConversationTypes.swift */,
				10741D83B2C0EF4275B080D0D98FDF24 /* ConversationView.swift */,
				90C4829A2A7F6FA630BE4D3B6292EB60 /* ConversationViewModel.swift */,
				863D6367A00DB40F323F13C7A77AADD9 /* ConversationViewState.swift */,
				031584369B0426506DA29A83ECE84979 /* EngagementWindow.swift */,
				C79C542383F8EDAD1D6D7DE508798996 /* FoundationModelAddressClassifier.swift */,
				56657D26EF0E86C8984934831A56908E /* FoundationModelAvailabilityService.swift */,
				DB997E7023112C470AA6CC105C3D2216 /* FoundationModelErrorMapper.swift */,
				92FABB5F741CC0414CBF6625FF0FBCFE /* FoundationModelReplyService.swift */,
				C59FA140202353AAB158A613D1CF0105 /* GemmaConversationService.swift */,
				4E01E0E8E0FFDF8166CBE4A7DE468D48 /* GemmaModelFile.swift */,
				752C0513FA9EC139741C2196B3C84A21 /* GemmaRuntime.swift */,
				D9B4BE2E518A99793B2BADCAD95FF3A7 /* ListeningControl.swift */,
				3AE78A576ECF9E397A61510A87613535 /* LiteRTGemmaRuntime.swift */,
				C189055C05E6AE9EB7294F28BEC5751F /* MicrophonePermissionService.swift */,
				CA33B79201547E4AC3CC514E57B6A300 /* OnboardingView.swift */,
				915D001E11590E242336AC24E9D8B155 /* Preview Content */,
				5E8F1254ED868DC15370794AEFC07F56 /* Resources */,
				9EEF10EA3163EF960FF2C059597319E2 /* SpeechAssetPreparer.swift */,
				F278AF762093CD995B228FA3FF9E7C1C /* SpeechAudioConverter.swift */,
				664D547880F4CA2ABD01CBD27628523A /* TypedInputView.swift */,
				6E8BE842ED1313383F0BF59F3EAB164F /* UtteranceSegmenter.swift */,
			);
			name = CatRobot;
			path = CatRobot;
			sourceTree = "<group>";
		};
		915D001E11590E242336AC24E9D8B155 /* Preview Content */ = {
			isa = PBXGroup;
			children = (
				1458D390BCB2D30400ED775FC927D039 /* Preview Assets.xcassets */,
			);
			name = "Preview Content";
			path = "Preview Content";
			sourceTree = "<group>";
		};
		DE9CFFE0925FC4413DE11B940EFBE9FB /* Frameworks */ = {
			isa = PBXGroup;
			children = (
				6AC803F7FAAC551442DDFC40A85EA735 /* iOS */,
			);
			name = Frameworks;
			sourceTree = "<group>";
		};
		FBDDD90FBA48B7EF15A54DCA324EBBB9 = {
			isa = PBXGroup;
			children = (
				90CD7350326BC89B9ACEF8D7232ADEAD /* CatRobot */,
				387B61900516476F295947526F7D49E4 /* CatRobotTests */,
				DE9CFFE0925FC4413DE11B940EFBE9FB /* Frameworks */,
				9016E68F899DC38A41C5434B364D877B /* Products */,
			);
			sourceTree = "<group>";
		};
/* End PBXGroup section */

/* Begin PBXNativeTarget section */
		D3A23BA245E7A634E7FE3A633113278B /* CatRobotTests */ = {
			isa = PBXNativeTarget;
			buildConfigurationList = 38B3D69C0671A0147B1759F1952570F0 /* Build configuration list for PBXNativeTarget "CatRobotTests" */;
			buildPhases = (
				B3F32A06247F8A6F4C02056F1E45F5A6 /* Sources */,
				F5A20574A7AF1AF00AA7FAF612F50AC8 /* Frameworks */,
				BFA05391CC1DB7ECE688E774725C80FD /* Resources */,
			);
			buildRules = (
			);
			dependencies = (
				6E6407ADB24A8347327D57D0520EE1C3 /* PBXTargetDependency */,
			);
			name = CatRobotTests;
			packageProductDependencies = (
				0BA5F13B180769C899C1F3698374F253 /* LiteRTLM */,
			);
			productName = CatRobotTests;
			productReference = 966A5722C788941810C45634F3F5433E /* CatRobotTests.xctest */;
			productType = "com.apple.product-type.bundle.unit-test";
		};
		F5E92051F3AC06A0C11642F09BA9E4C2 /* CatRobot */ = {
			isa = PBXNativeTarget;
			buildConfigurationList = 351626AD7C93AC4021F18B5C42961105 /* Build configuration list for PBXNativeTarget "CatRobot" */;
			buildPhases = (
				DB93F952EADAE0D64C8DF6FE6EA0F214 /* Sources */,
				CAFDD673DE2F303AAD91EFECA75E90CC /* Frameworks */,
				F3C0FC74737335D28737634AA6EE9D51 /* Resources */,
			);
			buildRules = (
			);
			dependencies = (
			);
			name = CatRobot;
			packageProductDependencies = (
				A898DE45078AA96514A75FDE54B6D064 /* LiteRTLM */,
			);
			productName = CatRobot;
			productReference = 00E893503505039E33B021D56CC63273 /* CatRobot.app */;
			productType = "com.apple.product-type.application";
		};
/* End PBXNativeTarget section */

/* Begin PBXProject section */
		922930F48E5A60EA5C47ED19BC6215D9 /* Project object */ = {
			isa = PBXProject;
			attributes = {
				LastSwiftUpdateCheck = 1600;
				LastUpgradeCheck = 2660;
			};
			buildConfigurationList = FA50CA4525C1F53BEA6DE346A311D279 /* Build configuration list for PBXProject "CatRobot" */;
			compatibilityVersion = "Xcode 16.0";
			developmentRegion = ja;
			hasScannedForEncodings = 0;
			knownRegions = (
				ja,
				en,
				Base,
			);
			mainGroup = FBDDD90FBA48B7EF15A54DCA324EBBB9;
			minimizedProjectReferenceProxies = 0;
			packageReferences = (
				7066F774DCE0419D772FF80AFE928382 /* XCRemoteSwiftPackageReference "LiteRT-LM" */,
			);
			preferredProjectObjectVersion = 77;
			productRefGroup = 9016E68F899DC38A41C5434B364D877B /* Products */;
			projectDirPath = "";
			projectRoot = "";
			targets = (
				F5E92051F3AC06A0C11642F09BA9E4C2 /* CatRobot */,
				D3A23BA245E7A634E7FE3A633113278B /* CatRobotTests */,
			);
		};
/* End PBXProject section */

/* Begin PBXResourcesBuildPhase section */
		BFA05391CC1DB7ECE688E774725C80FD /* Resources */ = {
			isa = PBXResourcesBuildPhase;
			buildActionMask = 2147483647;
			files = (
			);
			runOnlyForDeploymentPostprocessing = 0;
		};
		F3C0FC74737335D28737634AA6EE9D51 /* Resources */ = {
			isa = PBXResourcesBuildPhase;
			buildActionMask = 2147483647;
			files = (
				45C6C28ABFA6C0F9842E7EA03AF25A7C /* Assets.xcassets in Resources */,
				467530CBFB78ADF41D0EFC3DB2AD8921 /* Preview Assets.xcassets in Resources */,
			);
			runOnlyForDeploymentPostprocessing = 0;
		};
/* End PBXResourcesBuildPhase section */

/* Begin PBXSourcesBuildPhase section */
		B3F32A06247F8A6F4C02056F1E45F5A6 /* Sources */ = {
			isa = PBXSourcesBuildPhase;
			buildActionMask = 2147483647;
			files = (
				502EC5FC5F1C8F2325C1EDEE46CAB56E /* AddresseePolicyTests.swift in Sources */,
				0A5D6608FAF054983553416A1D0DEE8A /* AppCompositionTests.swift in Sources */,
				9E12CA7DF1659985A93D205EBDB9A6CD /* AppIdentityTests.swift in Sources */,
				570A2C788FF8CE1AC0D4B0100538AF61 /* AppleAudioSessionControllerTests.swift in Sources */,
				2F8594C8221706C51AF9D862D1B58102 /* AppleServiceCompositionTests.swift in Sources */,
				F0EA820DEF7ACF72C5C22E024484166B /* AppleSpeechRecognizerTests.swift in Sources */,
				8818D611B8745CFE2D77EAC61A8BB991 /* AppleSpeechSynthesizerTests.swift in Sources */,
				311FFC4808F9435CF59B9429756931E0 /* CatFaceGeometryTests.swift in Sources */,
				4AEED8853501EE2D1BCB88EBE03E7FD1 /* ConversationAccessibilityTests.swift in Sources */,
				121C3F6A868964C8FD1BB258CC9713A3 /* ConversationErrorPresentationTests.swift in Sources */,
				3F5A0E9DD12EFDD73BC1EB77F1254A8D /* ConversationFakes.swift in Sources */,
				A6C7BDDFBF081054A4DFE585F3E90889 /* ConversationLatencyTests.swift in Sources */,
				8B5474F65E448B8C38F619070C037866 /* ConversationRecoveryTests.swift in Sources */,
				202892371E62F1B1DA28217928E911E9 /* ConversationTypesTests.swift in Sources */,
				925B210540E2023BD4E1CCCA3ADEE1BE /* ConversationViewModelTests.swift in Sources */,
				03CB60E0431B46548FCB5C2ADA59756D /* ConversationViewStateTests.swift in Sources */,
				BCEA98C96D1B5760A20E4CE45C139F82 /* FoundationModelAddressClassifierTests.swift in Sources */,
				6A9F08B84E4AC631EDED893948E9942B /* FoundationModelAvailabilityServiceTests.swift in Sources */,
				729E5E6B7790460F6D20D08B1449A664 /* FoundationModelErrorMapperTests.swift in Sources */,
				89457F9F81480E47C6F6294627D6BE7B /* FoundationModelReplyServiceTests.swift in Sources */,
				924FA6F0DFBB2284EE7C04D8E7A2ED30 /* GemmaAppDeviceTests.swift in Sources */,
				85E036F32A0CA2739082A3D3FB94BC11 /* GemmaConversationServiceTests.swift in Sources */,
				E9DEBD0AEF2836E4D1A55BE837E8AC95 /* GemmaDeviceTests.swift in Sources */,
				197FF221A392FD6B572B332B01ACE4C1 /* SpeechAssetPreparerTests.swift in Sources */,
				5D35761EEB7439D1453922525F7585CC /* SpeechAudioConverterTests.swift in Sources */,
				A6752928DEE8A6D07E79B59FCFAC4067 /* UtteranceSegmenterTests.swift in Sources */,
			);
			runOnlyForDeploymentPostprocessing = 0;
		};
		DB93F952EADAE0D64C8DF6FE6EA0F214 /* Sources */ = {
			isa = PBXSourcesBuildPhase;
			buildActionMask = 2147483647;
			files = (
				AC298210D511C51E30835C137539EAB5 /* AddresseePolicy.swift in Sources */,
				83CD0A970198C9CDAC0EA45073F404E8 /* AppIdentity.swift in Sources */,
				228A651E3ECCBD2FA3304F693420B40A /* AppleAudioSessionController.swift in Sources */,
				1A97BC2857444367CCEAC8942BA7BC8D /* AppleSpeechRecognizer.swift in Sources */,
				BE048DEFDAC89D251DE3D071BA9DC769 /* AppleSpeechSynthesizer.swift in Sources */,
				4738BAA2249D3AB2DA829ECDBB1AD8A5 /* AppRootView.swift in Sources */,
				3CCEDE6F3C336155B33861FBCCD7ACF8 /* CatFaceShapes.swift in Sources */,
				007F1998C49165A5D547CC5D37B68CF9 /* CatFaceView.swift in Sources */,
				D4C2292155338D08CCE8329CFE3C120F /* CatRobotApp.swift in Sources */,
				46EBDCB998277CF41B91F3A3AC6E12F9 /* ConversationAppCoordinator.swift in Sources */,
				7B58CB3A0515A067D5D5298F60876949 /* ConversationDependencies.swift in Sources */,
				980D59682991166E512EAE7C4B6B991F /* ConversationErrorPresentation.swift in Sources */,
				58860E687FC02EDB989AC148C3222991 /* ConversationLatency.swift in Sources */,
				2C0ADE9CCDD2ABB0662240250CE0F24C /* ConversationScreenWakeLock.swift in Sources */,
				F42EC0E6073FCA1DC3BAAA55358AFA71 /* ConversationServices.swift in Sources */,
				0C310C886B116BE67C0DF46452A0F748 /* ConversationTypes.swift in Sources */,
				29A7DFDD2FB403E50A08C535FF72ADC8 /* ConversationView.swift in Sources */,
				761AB3F5DB441A9682946449EF57F69E /* ConversationViewModel.swift in Sources */,
				CCA8D0E485B6B5CBA953BCB226F541CF /* ConversationViewState.swift in Sources */,
				36BACC0F2589BAB1C7C5F2FEEBEB6F17 /* EngagementWindow.swift in Sources */,
				F9D3C3B49F4509071947CF312075823D /* FoundationModelAddressClassifier.swift in Sources */,
				E414C11AE8638150ECBE588665D3FC48 /* FoundationModelAvailabilityService.swift in Sources */,
				97808CBFF5A547C1AAA8FDE08843A549 /* FoundationModelErrorMapper.swift in Sources */,
				0D6AE292A6109A4A7A494A0A7E4F2FA2 /* FoundationModelReplyService.swift in Sources */,
				38CD403EA57A4A0DA3066D2FE7C69BB8 /* GemmaConversationService.swift in Sources */,
				12F2D7181FD51AC05672210333328E40 /* GemmaModelFile.swift in Sources */,
				44A4FA89CC3496B923C73BF78659D03F /* GemmaRuntime.swift in Sources */,
				424A95D476C82CA81A06ACCA37357CA1 /* ListeningControl.swift in Sources */,
				5663B4D1F0CF1CE9710B77D09C8E0A01 /* LiteRTGemmaRuntime.swift in Sources */,
				3BE1E40E562B0369296D335DFB38F330 /* MicrophonePermissionService.swift in Sources */,
				5F45AF29E589C7D7611FA90F0147FEAE /* OnboardingView.swift in Sources */,
				374E5CB53980AC34931DA95723F79D09 /* SpeechAssetPreparer.swift in Sources */,
				3EB028C4CC4464D3699283D067A1896A /* SpeechAudioConverter.swift in Sources */,
				438670747BCF08BF4B7238AF3D0370CD /* TypedInputView.swift in Sources */,
				109F3CDA1EB5934FAE92DB994E473244 /* UtteranceSegmenter.swift in Sources */,
			);
			runOnlyForDeploymentPostprocessing = 0;
		};
/* End PBXSourcesBuildPhase section */

/* Begin PBXTargetDependency section */
		6E6407ADB24A8347327D57D0520EE1C3 /* PBXTargetDependency */ = {
			isa = PBXTargetDependency;
			name = CatRobot;
			target = F5E92051F3AC06A0C11642F09BA9E4C2 /* CatRobot */;
			targetProxy = 5CB17B58DD26C17C67F8BF607AB8DACC /* PBXContainerItemProxy */;
		};
/* End PBXTargetDependency section */

/* Begin XCBuildConfiguration section */
		07BC9CFAD614E7930D0C5F9A53306329 /* Release */ = {
			isa = XCBuildConfiguration;
			buildSettings = {
				ALWAYS_SEARCH_USER_PATHS = NO;
				CLANG_ANALYZER_NONNULL = YES;
				CLANG_ANALYZER_NUMBER_OBJECT_CONVERSION = YES_AGGRESSIVE;
				CLANG_CXX_LANGUAGE_STANDARD = "gnu++14";
				CLANG_CXX_LIBRARY = "libc++";
				CLANG_ENABLE_MODULES = YES;
				CLANG_ENABLE_OBJC_ARC = YES;
				CLANG_ENABLE_OBJC_WEAK = YES;
				CLANG_WARN_BLOCK_CAPTURE_AUTORELEASING = YES;
				CLANG_WARN_BOOL_CONVERSION = YES;
				CLANG_WARN_COMMA = YES;
				CLANG_WARN_CONSTANT_CONVERSION = YES;
				CLANG_WARN_DEPRECATED_OBJC_IMPLEMENTATIONS = YES;
				CLANG_WARN_DIRECT_OBJC_ISA_USAGE = YES_ERROR;
				CLANG_WARN_DOCUMENTATION_COMMENTS = YES;
				CLANG_WARN_EMPTY_BODY = YES;
				CLANG_WARN_ENUM_CONVERSION = YES;
				CLANG_WARN_INFINITE_RECURSION = YES;
				CLANG_WARN_INT_CONVERSION = YES;
				CLANG_WARN_NON_LITERAL_NULL_CONVERSION = YES;
				CLANG_WARN_OBJC_IMPLICIT_RETAIN_SELF = YES;
				CLANG_WARN_OBJC_LITERAL_CONVERSION = YES;
				CLANG_WARN_OBJC_ROOT_CLASS = YES_ERROR;
				CLANG_WARN_QUOTED_INCLUDE_IN_FRAMEWORK_HEADER = YES;
				CLANG_WARN_RANGE_LOOP_ANALYSIS = YES;
				CLANG_WARN_STRICT_PROTOTYPES = YES;
				CLANG_WARN_SUSPICIOUS_MOVE = YES;
				CLANG_WARN_UNGUARDED_AVAILABILITY = YES_AGGRESSIVE;
				CLANG_WARN_UNREACHABLE_CODE = YES;
				CLANG_WARN__DUPLICATE_METHOD_MATCH = YES;
				COPY_PHASE_STRIP = NO;
				DEBUG_INFORMATION_FORMAT = "dwarf-with-dsym";
				ENABLE_NS_ASSERTIONS = NO;
				ENABLE_STRICT_OBJC_MSGSEND = YES;
				ENABLE_USER_SCRIPT_SANDBOXING = YES;
				GCC_C_LANGUAGE_STANDARD = gnu11;
				GCC_NO_COMMON_BLOCKS = YES;
				GCC_WARN_64_TO_32_BIT_CONVERSION = YES;
				GCC_WARN_ABOUT_RETURN_TYPE = YES_ERROR;
				GCC_WARN_UNDECLARED_SELECTOR = YES;
				GCC_WARN_UNINITIALIZED_AUTOS = YES_AGGRESSIVE;
				GCC_WARN_UNUSED_FUNCTION = YES;
				GCC_WARN_UNUSED_VARIABLE = YES;
				IPHONEOS_DEPLOYMENT_TARGET = 26.0;
				MTL_ENABLE_DEBUG_INFO = NO;
				MTL_FAST_MATH = YES;
				PRODUCT_NAME = "$(TARGET_NAME)";
				SWIFT_COMPILATION_MODE = wholemodule;
				SWIFT_OPTIMIZATION_LEVEL = "-O";
				SWIFT_STRICT_CONCURRENCY = complete;
				SWIFT_VERSION = 6.0;
			};
			name = Release;
		};
		8510A7C751A3781E64F0BD8C339C2D4B /* Debug */ = {
			isa = XCBuildConfiguration;
			buildSettings = {
				ALWAYS_SEARCH_USER_PATHS = NO;
				CLANG_ANALYZER_NONNULL = YES;
				CLANG_ANALYZER_NUMBER_OBJECT_CONVERSION = YES_AGGRESSIVE;
				CLANG_CXX_LANGUAGE_STANDARD = "gnu++14";
				CLANG_CXX_LIBRARY = "libc++";
				CLANG_ENABLE_MODULES = YES;
				CLANG_ENABLE_OBJC_ARC = YES;
				CLANG_ENABLE_OBJC_WEAK = YES;
				CLANG_WARN_BLOCK_CAPTURE_AUTORELEASING = YES;
				CLANG_WARN_BOOL_CONVERSION = YES;
				CLANG_WARN_COMMA = YES;
				CLANG_WARN_CONSTANT_CONVERSION = YES;
				CLANG_WARN_DEPRECATED_OBJC_IMPLEMENTATIONS = YES;
				CLANG_WARN_DIRECT_OBJC_ISA_USAGE = YES_ERROR;
				CLANG_WARN_DOCUMENTATION_COMMENTS = YES;
				CLANG_WARN_EMPTY_BODY = YES;
				CLANG_WARN_ENUM_CONVERSION = YES;
				CLANG_WARN_INFINITE_RECURSION = YES;
				CLANG_WARN_INT_CONVERSION = YES;
				CLANG_WARN_NON_LITERAL_NULL_CONVERSION = YES;
				CLANG_WARN_OBJC_IMPLICIT_RETAIN_SELF = YES;
				CLANG_WARN_OBJC_LITERAL_CONVERSION = YES;
				CLANG_WARN_OBJC_ROOT_CLASS = YES_ERROR;
				CLANG_WARN_QUOTED_INCLUDE_IN_FRAMEWORK_HEADER = YES;
				CLANG_WARN_RANGE_LOOP_ANALYSIS = YES;
				CLANG_WARN_STRICT_PROTOTYPES = YES;
				CLANG_WARN_SUSPICIOUS_MOVE = YES;
				CLANG_WARN_UNGUARDED_AVAILABILITY = YES_AGGRESSIVE;
				CLANG_WARN_UNREACHABLE_CODE = YES;
				CLANG_WARN__DUPLICATE_METHOD_MATCH = YES;
				COPY_PHASE_STRIP = NO;
				DEBUG_INFORMATION_FORMAT = dwarf;
				ENABLE_STRICT_OBJC_MSGSEND = YES;
				ENABLE_TESTABILITY = YES;
				ENABLE_USER_SCRIPT_SANDBOXING = YES;
				GCC_C_LANGUAGE_STANDARD = gnu11;
				GCC_DYNAMIC_NO_PIC = NO;
				GCC_NO_COMMON_BLOCKS = YES;
				GCC_OPTIMIZATION_LEVEL = 0;
				GCC_PREPROCESSOR_DEFINITIONS = (
					"DEBUG=1",
					"$(inherited)",
				);
				GCC_WARN_64_TO_32_BIT_CONVERSION = YES;
				GCC_WARN_ABOUT_RETURN_TYPE = YES_ERROR;
				GCC_WARN_UNDECLARED_SELECTOR = YES;
				GCC_WARN_UNINITIALIZED_AUTOS = YES_AGGRESSIVE;
				GCC_WARN_UNUSED_FUNCTION = YES;
				GCC_WARN_UNUSED_VARIABLE = YES;
				IPHONEOS_DEPLOYMENT_TARGET = 26.0;
				MTL_ENABLE_DEBUG_INFO = INCLUDE_SOURCE;
				MTL_FAST_MATH = YES;
				ONLY_ACTIVE_ARCH = YES;
				PRODUCT_NAME = "$(TARGET_NAME)";
				SWIFT_ACTIVE_COMPILATION_CONDITIONS = DEBUG;
				SWIFT_OPTIMIZATION_LEVEL = "-Onone";
				SWIFT_STRICT_CONCURRENCY = complete;
				SWIFT_VERSION = 6.0;
			};
			name = Debug;
		};
		8B26B9E1141B4AF84E16915DE96DFF1C /* Debug */ = {
			isa = XCBuildConfiguration;
			buildSettings = {
				BUNDLE_LOADER = "$(TEST_HOST)";
				CLANG_ENABLE_OBJC_WEAK = NO;
				CODE_SIGN_STYLE = Automatic;
				DEVELOPMENT_TEAM = VUB4VP6453;
				GENERATE_INFOPLIST_FILE = YES;
				IPHONEOS_DEPLOYMENT_TARGET = 26.0;
				LD_RUNPATH_SEARCH_PATHS = (
					"$(inherited)",
					"@loader_path/Frameworks",
					"@executable_path/Frameworks",
				);
				PRODUCT_BUNDLE_IDENTIFIER = com.kamby.CatRobotTests;
				PRODUCT_NAME = "$(TARGET_NAME)";
				SDKROOT = iphoneos;
				SUPPORTED_PLATFORMS = "iphoneos iphonesimulator";
				SUPPORTS_MACCATALYST = NO;
				SUPPORTS_MAC_DESIGNED_FOR_IPHONE_IPAD = NO;
				SWIFT_STRICT_CONCURRENCY = complete;
				SWIFT_VERSION = 6.0;
				TARGETED_DEVICE_FAMILY = 1;
				TEST_HOST = "$(BUILT_PRODUCTS_DIR)/CatRobot.app/$(BUNDLE_EXECUTABLE_FOLDER_PATH)/CatRobot";
			};
			name = Debug;
		};
		ABB7D83AABB8DDFDD516126D7E8EBBA0 /* Debug */ = {
			isa = XCBuildConfiguration;
			buildSettings = {
				ASSETCATALOG_COMPILER_APPICON_NAME = AppIcon;
				ASSETCATALOG_COMPILER_GLOBAL_ACCENT_COLOR_NAME = AccentColor;
				CLANG_ENABLE_OBJC_WEAK = NO;
				CODE_SIGN_STYLE = Automatic;
				CURRENT_PROJECT_VERSION = 1;
				DEVELOPMENT_ASSET_PATHS = "\"CatRobot/Preview Content\"";
				DEVELOPMENT_TEAM = VUB4VP6453;
				ENABLE_PREVIEWS = YES;
				ENABLE_TESTABILITY = YES;
				GENERATE_INFOPLIST_FILE = NO;
				INFOPLIST_FILE = CatRobot/Resources/Info.plist;
				IPHONEOS_DEPLOYMENT_TARGET = 26.0;
				LD_RUNPATH_SEARCH_PATHS = (
					"$(inherited)",
					"@executable_path/Frameworks",
				);
				MARKETING_VERSION = 1.0;
				PRODUCT_BUNDLE_IDENTIFIER = com.kamby.CatRobot;
				PRODUCT_MODULE_NAME = CatRobot;
				PRODUCT_NAME = "$(TARGET_NAME)";
				SDKROOT = iphoneos;
				SUPPORTED_PLATFORMS = "iphoneos iphonesimulator";
				SUPPORTS_MACCATALYST = NO;
				SUPPORTS_MAC_DESIGNED_FOR_IPHONE_IPAD = NO;
				SWIFT_STRICT_CONCURRENCY = complete;
				SWIFT_VERSION = 6.0;
				TARGETED_DEVICE_FAMILY = 1;
			};
			name = Debug;
		};
		E8987846652A4A38AD60BD88B42FD8A3 /* Release */ = {
			isa = XCBuildConfiguration;
			buildSettings = {
				ASSETCATALOG_COMPILER_APPICON_NAME = AppIcon;
				ASSETCATALOG_COMPILER_GLOBAL_ACCENT_COLOR_NAME = AccentColor;
				CLANG_ENABLE_OBJC_WEAK = NO;
				CODE_SIGN_STYLE = Automatic;
				CURRENT_PROJECT_VERSION = 1;
				DEVELOPMENT_ASSET_PATHS = "\"CatRobot/Preview Content\"";
				DEVELOPMENT_TEAM = VUB4VP6453;
				ENABLE_PREVIEWS = YES;
				EXCLUDED_SOURCE_FILE_NAMES = (
					"$(inherited)",
					"\"Preview Assets.xcassets\"",
				);
				GENERATE_INFOPLIST_FILE = NO;
				INFOPLIST_FILE = CatRobot/Resources/Info.plist;
				IPHONEOS_DEPLOYMENT_TARGET = 26.0;
				LD_RUNPATH_SEARCH_PATHS = (
					"$(inherited)",
					"@executable_path/Frameworks",
				);
				MARKETING_VERSION = 1.0;
				PRODUCT_BUNDLE_IDENTIFIER = com.kamby.CatRobot;
				PRODUCT_MODULE_NAME = CatRobot;
				PRODUCT_NAME = "$(TARGET_NAME)";
				SDKROOT = iphoneos;
				SUPPORTED_PLATFORMS = "iphoneos iphonesimulator";
				SUPPORTS_MACCATALYST = NO;
				SUPPORTS_MAC_DESIGNED_FOR_IPHONE_IPAD = NO;
				SWIFT_STRICT_CONCURRENCY = complete;
				SWIFT_VERSION = 6.0;
				TARGETED_DEVICE_FAMILY = 1;
				VALIDATE_PRODUCT = YES;
			};
			name = Release;
		};
		EC4A76A223BBA243D3DCB72CAC24586D /* Release */ = {
			isa = XCBuildConfiguration;
			buildSettings = {
				BUNDLE_LOADER = "$(TEST_HOST)";
				CLANG_ENABLE_OBJC_WEAK = NO;
				CODE_SIGN_STYLE = Automatic;
				DEVELOPMENT_TEAM = VUB4VP6453;
				GENERATE_INFOPLIST_FILE = YES;
				IPHONEOS_DEPLOYMENT_TARGET = 26.0;
				LD_RUNPATH_SEARCH_PATHS = (
					"$(inherited)",
					"@loader_path/Frameworks",
					"@executable_path/Frameworks",
				);
				PRODUCT_BUNDLE_IDENTIFIER = com.kamby.CatRobotTests;
				PRODUCT_NAME = "$(TARGET_NAME)";
				SDKROOT = iphoneos;
				SUPPORTED_PLATFORMS = "iphoneos iphonesimulator";
				SUPPORTS_MACCATALYST = NO;
				SUPPORTS_MAC_DESIGNED_FOR_IPHONE_IPAD = NO;
				SWIFT_STRICT_CONCURRENCY = complete;
				SWIFT_VERSION = 6.0;
				TARGETED_DEVICE_FAMILY = 1;
				TEST_HOST = "$(BUILT_PRODUCTS_DIR)/CatRobot.app/$(BUNDLE_EXECUTABLE_FOLDER_PATH)/CatRobot";
				VALIDATE_PRODUCT = YES;
			};
			name = Release;
		};
/* End XCBuildConfiguration section */

/* Begin XCConfigurationList section */
		351626AD7C93AC4021F18B5C42961105 /* Build configuration list for PBXNativeTarget "CatRobot" */ = {
			isa = XCConfigurationList;
			buildConfigurations = (
				ABB7D83AABB8DDFDD516126D7E8EBBA0 /* Debug */,
				E8987846652A4A38AD60BD88B42FD8A3 /* Release */,
			);
			defaultConfigurationIsVisible = 0;
			defaultConfigurationName = Release;
		};
		38B3D69C0671A0147B1759F1952570F0 /* Build configuration list for PBXNativeTarget "CatRobotTests" */ = {
			isa = XCConfigurationList;
			buildConfigurations = (
				8B26B9E1141B4AF84E16915DE96DFF1C /* Debug */,
				EC4A76A223BBA243D3DCB72CAC24586D /* Release */,
			);
			defaultConfigurationIsVisible = 0;
			defaultConfigurationName = Release;
		};
		FA50CA4525C1F53BEA6DE346A311D279 /* Build configuration list for PBXProject "CatRobot" */ = {
			isa = XCConfigurationList;
			buildConfigurations = (
				8510A7C751A3781E64F0BD8C339C2D4B /* Debug */,
				07BC9CFAD614E7930D0C5F9A53306329 /* Release */,
			);
			defaultConfigurationIsVisible = 0;
			defaultConfigurationName = Release;
		};
/* End XCConfigurationList section */

/* Begin XCRemoteSwiftPackageReference section */
		7066F774DCE0419D772FF80AFE928382 /* XCRemoteSwiftPackageReference "LiteRT-LM" */ = {
			isa = XCRemoteSwiftPackageReference;
			repositoryURL = "https://github.com/google-ai-edge/LiteRT-LM";
			requirement = {
				kind = exactVersion;
				version = 0.17.1;
			};
		};
/* End XCRemoteSwiftPackageReference section */

/* Begin XCSwiftPackageProductDependency section */
		0BA5F13B180769C899C1F3698374F253 /* LiteRTLM */ = {
			isa = XCSwiftPackageProductDependency;
			package = 7066F774DCE0419D772FF80AFE928382 /* XCRemoteSwiftPackageReference "LiteRT-LM" */;
			productName = LiteRTLM;
		};
		A898DE45078AA96514A75FDE54B6D064 /* LiteRTLM */ = {
			isa = XCSwiftPackageProductDependency;
			package = 7066F774DCE0419D772FF80AFE928382 /* XCRemoteSwiftPackageReference "LiteRT-LM" */;
			productName = LiteRTLM;
		};
/* End XCSwiftPackageProductDependency section */
	};
	rootObject = 922930F48E5A60EA5C47ED19BC6215D9 /* Project object */;
}
